
Microsoft Visual Studio Solution File, Format Version 12.00
# Visual Studio Version 16
VisualStudioVersion = 25.0.1706.0
MinimumVisualStudioVersion = 10.0.40219.1
Project("{FAE04EC0-301F-11D3-BF4B-00C04F79EFBC}") = "BookStores", "BookStores\BookStores.csproj", "{761AEC18-DF8E-48C3-890F-C67AEA977467}"
EndProject
Global
	GlobalSection(SolutionConfigurationPlatforms) = preSolution
		Debug|Any CPU = Debug|Any CPU
		Release|Any CPU = Release|Any CPU
	EndGlobalSection
	GlobalSection(ProjectConfigurationPlatforms) = postSolution
		{761AEC18-DF8E-48C3-890F-C67AEA977467}.Debug|Any CPU.ActiveCfg = Debug|Any CPU
		{761AEC18-DF8E-48C3-890F-C67AEA977467}.Debug|Any CPU.Build.0 = Debug|Any CPU
		{761AEC18-DF8E-48C3-890F-C67AEA977467}.Release|Any CPU.ActiveCfg = Release|Any CPU
		{761AEC18-DF8E-48C3-890F-C67AEA977467}.Release|Any CPU.Build.0 = Release|Any CPU
	EndGlobalSection
	GlobalSection(SolutionProperties) = preSolution
		HideSolutionNode = FALSE
	EndGlobalSection
	GlobalSection(ExtensibilityGlobals) = postSolution
		SolutionGuid = {1070FF63-6AC6-482C-8D7E-BBD6E9EF9B61}
	EndGlobalSection
EndGlobal
